// !$*UTF8*$!
{
	archiveVersion = 1;
	classes = {
	};
	objectVersion = 56;
	objects = {

/* Begin PBXBuildFile section */
		7813D08929090AD900DA4A32 /* MainButton.swift in Sources */ = {isa = PBXBuildFile; fileRef = 7813D08829090AD900DA4A32 /* MainButton.swift */; };
		7813D08C290910F600DA4A32 /* Extensions.swift in Sources */ = {isa = PBXBuildFile; fileRef = 7813D08B290910F600DA4A32 /* Extensions.swift */; };
		7813D08E2909164E00DA4A32 /* QuestionView.swift in Sources */ = {isa = PBXBuildFile; fileRef = 7813D08D2909164E00DA4A32 /* QuestionView.swift */; };
		7813D090290917C400DA4A32 /* QuestionProgressBar.swift in Sources */ = {isa = PBXBuildFile; fileRef = 7813D08F290917C400DA4A32 /* QuestionProgressBar.swift */; };
		7813D09329091BEA00DA4A32 /* Answer.swift in Sources */ = {isa = PBXBuildFile; fileRef = 7813D09229091BEA00DA4A32 /* Answer.swift */; };
		7813D09529091C7D00DA4A32 /* AnswerRow.swift in Sources */ = {isa = PBXBuildFile; fileRef = 7813D09429091C7D00DA4A32 /* AnswerRow.swift */; };
		78BEBFC42908FE5B004B050D /* QuestionsApp.swift in Sources */ = {isa = PBXBuildFile; fileRef = 78BEBFC32908FE5B004B050D /* QuestionsApp.swift */; };
		78BEBFC82908FE5D004B050D /* Assets.xcassets in Resources */ = {isa = PBXBuildFile; fileRef = 78BEBFC72908FE5D004B050D /* Assets.xcassets */; };
		78BEBFCB2908FE5D004B050D /* Preview Assets.xcassets in Resources */ = {isa = PBXBuildFile; fileRef = 78BEBFCA2908FE5D004B050D /* Preview Assets.xcassets */; };
		78BEBFD12908FEA7004B050D /* ContentView.swift in Sources */ = {isa = PBXBuildFile; fileRef = 78BEBFC52908FE5B004B050D /* ContentView.swift */; };
/* End PBXBuildFile section */

/* Begin PBXFileReference section */
		7813D08829090AD900DA4A32 /* MainButton.swift */ = {isa = PBXFileReference; lastKnownFileType = sourcecode.swift; path = MainButton.swift; sourceTree = "<group>"; };
		7813D08B290910F600DA4A32 /* Extensions.swift */ = {isa = PBXFileReference; lastKnownFileType = sourcecode.swift; path = Extensions.swift; sourceTree = "<group>"; };
		7813D08D2909164E00DA4A32 /* QuestionView.swift */ = {isa = PBXFileReference; lastKnownFileType = sourcecode.swift; path = QuestionView.swift; sourceTree = "<group>"; };
		7813D08F290917C400DA4A32 /* QuestionProgressBar.swift */ = {isa = PBXFileReference; lastKnownFileType = sourcecode.swift; path = QuestionProgressBar.swift; sourceTree = "<group>"; };
		7813D09229091BEA00DA4A32 /* Answer.swift */ = {isa = PBXFileReference; lastKnownFileType = sourcecode.swift; path = Answer.swift; sourceTree = "<group>"; };
		7813D09429091C7D00DA4A32 /* AnswerRow.swift */ = {isa = PBXFileReference; lastKnownFileType = sourcecode.swift; path = AnswerRow.swift; sourceTree = "<group>"; };
		78BEBFC02908FE5B004B050D /* Questions.app */ = {isa = PBXFileReference; explicitFileType = wrapper.application; includeInIndex = 0; path = Questions.app; sourceTree = BUILT_PRODUCTS_DIR; };
		78BEBFC32908FE5B004B050D /* QuestionsApp.swift */ = {isa = PBXFileReference; lastKnownFileType = sourcecode.swift; path = QuestionsApp.swift; sourceTree = "<group>"; };
		78BEBFC52908FE5B004B050D /* ContentView.swift */ = {isa = PBXFileReference; lastKnownFileType = sourcecode.swift; path = ContentView.swift; sourceTree = "<group>"; };
		78BEBFC72908FE5D004B050D /* Assets.xcassets */ = {isa = PBXFileReference; lastKnownFileType = folder.assetcatalog; path = Assets.xcassets; sourceTree = "<group>"; };
		78BEBFCA2908FE5D004B050D /* Preview Assets.xcassets */ = {isa = PBXFileReference; lastKnownFileType = folder.assetcatalog; path = "Preview Assets.xcassets"; sourceTree = "<group>"; };
/* End PBXFileReference section */

/* Begin PBXFrameworksBuildPhase section */
		78BEBFBD2908FE5B004B050D /* Frameworks */ = {
			isa = PBXFrameworksBuildPhase;
			buildActionMask = 2147483647;
			files = (
			);
			runOnlyForDeploymentPostprocessing = 0;
		};
/* End PBXFrameworksBuildPhase section */

/* Begin PBXGroup section */
		7813D0862909083600DA4A32 /* View */ = {
			isa = PBXGroup;
			children = (
				7813D0872909084500DA4A32 /* Component */,
				78BEBFC52908FE5B004B050D /* ContentView.swift */,
				7813D08D2909164E00DA4A32 /* QuestionView.swift */,
			);
			path = View;
			sourceTree = "<group>";
		};
		7813D0872909084500DA4A32 /* Component */ = {
			isa = PBXGroup;
			children = (
				7813D08829090AD900DA4A32 /* MainButton.swift */,
				7813D08F290917C400DA4A32 /* QuestionProgressBar.swift */,
				7813D09429091C7D00DA4A32 /* AnswerRow.swift */,
			);
			path = Component;
			sourceTree = "<group>";
		};
		7813D08A290910CF00DA4A32 /* Utils */ = {
			isa = PBXGroup;
			children = (
				7813D08B290910F600DA4A32 /* Extensions.swift */,
			);
			path = Utils;
			sourceTree = "<group>";
		};
		7813D09129091B9300DA4A32 /* Model */ = {
			isa = PBXGroup;
			children = (
				7813D09229091BEA00DA4A32 /* Answer.swift */,
			);
			path = Model;
			sourceTree = "<group>";
		};
		78BEBFB72908FE5B004B050D = {
			isa = PBXGroup;
			children = (
				78BEBFC22908FE5B004B050D /* Questions */,
				78BEBFC12908FE5B004B050D /* Products */,
			);
			sourceTree = "<group>";
		};
		78BEBFC12908FE5B004B050D /* Products */ = {
			isa = PBXGroup;
			children = (
				78BEBFC02908FE5B004B050D /* Questions.app */,
			);
			name = Products;
			sourceTree = "<group>";
		};
		78BEBFC22908FE5B004B050D /* Questions */ = {
			isa = PBXGroup;
			children = (
				78BEBFC32908FE5B004B050D /* QuestionsApp.swift */,
				7813D09129091B9300DA4A32 /* Model */,
				7813D0862909083600DA4A32 /* View */,
				7813D08A290910CF00DA4A32 /* Utils */,
				78BEBFC72908FE5D004B050D /* Assets.xcassets */,
				78BEBFC92908FE5D004B050D /* Preview Content */,
			);
			path = Questions;
			sourceTree = "<group>";
		};
		78BEBFC92908FE5D004B050D /* Preview Content */ = {
			isa = PBXGroup;
			children = (
				78BEBFCA2908FE5D004B050D /* Preview Assets.xcassets */,
			);
			path = "Preview Content";
			sourceTree = "<group>";
		};
/* End PBXGroup section */

/* Begin PBXNativeTarget section */
		78BEBFBF2908FE5B004B050D /* Questions */ = {
			isa = PBXNativeTarget;
			buildConfigurationList = 78BEBFCE2908FE5D004B050D /* Build configuration list for PBXNativeTarget "Questions" */;
			buildPhases = (
				78BEBFBC2908FE5B004B050D /* Sources */,
				78BEBFBD2908FE5B004B050D /* Frameworks */,
				78BEBFBE2908FE5B004B050D /* Resources */,
			);
			buildRules = (
			);
			dependencies = (
			);
			name = Questions;
			productName = Questions;
			productReference = 78BEBFC02908FE5B004B050D /* Questions.app */;
			productType = "com.apple.product-type.application";
		};
/* End PBXNativeTarget section */

/* Begin PBXProject section */
		78BEBFB82908FE5B004B050D /* Project object */ = {
			isa = PBXProject;
			attributes = {
				BuildIndependentTargetsInParallel = 1;
				LastSwiftUpdateCheck = 1400;
				LastUpgradeCheck = 1400;
				TargetAttributes = {
					78BEBFBF2908FE5B004B050D = {
						CreatedOnToolsVersion = 14.0.1;
					};
				};
			};
			buildConfigurationList = 78BEBFBB2908FE5B004B050D /* Build configuration list for PBXProject "Questions" */;
			compatibilityVersion = "Xcode 14.0";
			developmentRegion = en;
			hasScannedForEncodings = 0;
			knownRegions = (
				en,
				Base,
			);
			mainGroup = 78BEBFB72908FE5B004B050D;
			productRefGroup = 78BEBFC12908FE5B004B050D /* Products */;
			projectDirPath = "";
			projectRoot = "";
			targets = (
				78BEBFBF2908FE5B004B050D /* Questions */,
			);
		};
/* End PBXProject section */

/* Begin PBXResourcesBuildPhase section */
		78BEBFBE2908FE5B004B050D /* Resources */ = {
			isa = PBXResourcesBuildPhase;
			buildActionMask = 2147483647;
			files = (
				78BEBFCB2908FE5D004B050D /* Preview Assets.xcassets in Resources */,
				78BEBFC82908FE5D004B050D /* Assets.xcassets in Resources */,
			);
			runOnlyForDeploymentPostprocessing = 0;
		};
/* End PBXResourcesBuildPhase section */

/* Begin PBXSourcesBuildPhase section */
		78BEBFBC2908FE5B004B050D /* Sources */ = {
			isa = PBXSourcesBuildPhase;
			buildActionMask = 2147483647;
			files = (
				7813D08E2909164E00DA4A32 /* QuestionView.swift in Sources */,
				78BEBFD12908FEA7004B050D /* ContentView.swift in Sources */,
				7813D09529091C7D00DA4A32 /* AnswerRow.swift in Sources */,
				78BEBFC42908FE5B004B050D /* QuestionsApp.swift in Sources */,
				7813D09329091BEA00DA4A32 /* Answer.swift in Sources */,
				7813D08929090AD900DA4A32 /* MainButton.swift in Sources */,
				7813D090290917C400DA4A32 /* QuestionProgressBar.swift in Sources */,
				7813D08C290910F600DA4A32 /* Extensions.swift in Sources */,
			);
			runOnlyForDeploymentPostprocessing = 0;
		};
/* End PBXSourcesBuildPhase section */

/* Begin XCBuildConfiguration section */
		78BEBFCC2908FE5D004B050D /* Debug */ = {
			isa = XCBuildConfiguration;
			buildSettings = {
				ALWAYS_SEARCH_USER_PATHS = NO;
				CLANG_ANALYZER_NONNULL = YES;
				CLANG_ANALYZER_NUMBER_OBJECT_CONVERSION = YES_AGGRESSIVE;
				CLANG_CXX_LANGUAGE_STANDARD = "gnu++20";
				CLANG_ENABLE_MODULES = YES;
				CLANG_ENABLE_OBJC_ARC = YES;
				CLANG_ENABLE_OBJC_WEAK = YES;
				CLANG_WARN_BLOCK_CAPTURE_AUTORELEASING = YES;
				CLANG_WARN_BOOL_CONVERSION = YES;
				CLANG_WARN_COMMA = YES;
				CLANG_WARN_CONSTANT_CONVERSION = YES;
				CLANG_WARN_DEPRECATED_OBJC_IMPLEMENTATIONS = YES;
				CLANG_WARN_DIRECT_OBJC_ISA_USAGE = YES_ERROR;
				CLANG_WARN_DOCUMENTATION_COMMENTS = YES;
				CLANG_WARN_EMPTY_BODY = YES;
				CLANG_WARN_ENUM_CONVERSION = YES;
				CLANG_WARN_INFINITE_RECURSION = YES;
				CLANG_WARN_INT_CONVERSION = YES;
				CLANG_WARN_NON_LITERAL_NULL_CONVERSION = YES;
				CLANG_WARN_OBJC_IMPLICIT_RETAIN_SELF = YES;
				CLANG_WARN_OBJC_LITERAL_CONVERSION = YES;
				CLANG_WARN_OBJC_ROOT_CLASS = YES_ERROR;
				CLANG_WARN_QUOTED_INCLUDE_IN_FRAMEWORK_HEADER = YES;
				CLANG_WARN_RANGE_LOOP_ANALYSIS = YES;
				CLANG_WARN_STRICT_PROTOTYPES = YES;
				CLANG_WARN_SUSPICIOUS_MOVE = YES;
				CLANG_WARN_UNGUARDED_AVAILABILITY = YES_AGGRESSIVE;
				CLANG_WARN_UNREACHABLE_CODE = YES;
				CLANG_WARN__DUPLICATE_METHOD_MATCH = YES;
				COPY_PHASE_STRIP = NO;
				DEBUG_INFORMATION_FORMAT = dwarf;
				ENABLE_STRICT_OBJC_MSGSEND = YES;
				ENABLE_TESTABILITY = YES;
				GCC_C_LANGUAGE_STANDARD = gnu11;
				GCC_DYNAMIC_NO_PIC = NO;
				GCC_NO_COMMON_BLOCKS = YES;
				GCC_OPTIMIZATION_LEVEL = 0;
				GCC_PREPROCESSOR_DEFINITIONS = (
					"DEBUG=1",
					"$(inherited)",
				);
				GCC_WARN_64_TO_32_BIT_CONVERSION = YES;
				GCC_WARN_ABOUT_RETURN_TYPE = YES_ERROR;
				GCC_WARN_UNDECLARED_SELECTOR = YES;
				GCC_WARN_UNINITIALIZED_AUTOS = YES_AGGRESSIVE;
				GCC_WARN_UNUSED_FUNCTION = YES;
				GCC_WARN_UNUSED_VARIABLE = YES;
				IPHONEOS_DEPLOYMENT_TARGET = 16.0;
				MTL_ENABLE_DEBUG_INFO = INCLUDE_SOURCE;
				MTL_FAST_MATH = YES;
				ONLY_ACTIVE_ARCH = YES;
				SDKROOT = iphoneos;
				SWIFT_ACTIVE_COMPILATION_CONDITIONS = DEBUG;
				SWIFT_OPTIMIZATION_LEVEL = "-Onone";
			};
			name = Debug;
		};
		78BEBFCD2908FE5D004B050D /* Release */ = {
			isa = XCBuildConfiguration;
			buildSettings = {
				ALWAYS_SEARCH_USER_PATHS = NO;
				CLANG_ANALYZER_NONNULL = YES;
				CLANG_ANALYZER_NUMBER_OBJECT_CONVERSION = YES_AGGRESSIVE;
				CLANG_CXX_LANGUAGE_STANDARD = "gnu++20";
				CLANG_ENABLE_MODULES = YES;
				CLANG_ENABLE_OBJC_ARC = YES;
				CLANG_ENABLE_OBJC_WEAK = YES;
				CLANG_WARN_BLOCK_CAPTURE_AUTORELEASING = YES;
				CLANG_WARN_BOOL_CONVERSION = YES;
				CLANG_WARN_COMMA = YES;
				CLANG_WARN_CONSTANT_CONVERSION = YES;
				CLANG_WARN_DEPRECATED_OBJC_IMPLEMENTATIONS = YES;
				CLANG_WARN_DIRECT_OBJC_ISA_USAGE = YES_ERROR;
				CLANG_WARN_DOCUMENTATION_COMMENTS = YES;
				CLANG_WARN_EMPTY_BODY = YES;
				CLANG_WARN_ENUM_CONVERSION = YES;
				CLANG_WARN_INFINITE_RECURSION = YES;
				CLANG_WARN_INT_CONVERSION = YES;
				CLANG_WARN_NON_LITERAL_NULL_CONVERSION = YES;
				CLANG_WARN_OBJC_IMPLICIT_RETAIN_SELF = YES;
				CLANG_WARN_OBJC_LITERAL_CONVERSION = YES;
				CLANG_WARN_OBJC_ROOT_CLASS = YES_ERROR;
				CLANG_WARN_QUOTED_INCLUDE_IN_FRAMEWORK_HEADER = YES;
				CLANG_WARN_RANGE_LOOP_ANALYSIS = YES;
				CLANG_WARN_STRICT_PROTOTYPES = YES;
				CLANG_WARN_SUSPICIOUS_MOVE = YES;
				CLANG_WARN_UNGUARDED_AVAILABILITY = YES_AGGRESSIVE;
				CLANG_WARN_UNREACHABLE_CODE = YES;
				CLANG_WARN__DUPLICATE_METHOD_MATCH = YES;
				COPY_PHASE_STRIP = NO;
				DEBUG_INFORMATION_FORMAT = "dwarf-with-dsym";
				ENABLE_NS_ASSERTIONS = NO;
				ENABLE_STRICT_OBJC_MSGSEND = YES;
				GCC_C_LANGUAGE_STANDARD = gnu11;
				GCC_NO_COMMON_BLOCKS = YES;
				GCC_WARN_64_TO_32_BIT_CONVERSION = YES;
				GCC_WARN_ABOUT_RETURN_TYPE = YES_ERROR;
				GCC_WARN_UNDECLARED_SELECTOR = YES;
				GCC_WARN_UNINITIALIZED_AUTOS = YES_AGGRESSIVE;
				GCC_WARN_UNUSED_FUNCTION = YES;
				GCC_WARN_UNUSED_VARIABLE = YES;
				IPHONEOS_DEPLOYMENT_TARGET = 16.0;
				MTL_ENABLE_DEBUG_INFO = NO;
				MTL_FAST_MATH = YES;
				SDKROOT = iphoneos;
				SWIFT_COMPILATION_MODE = wholemodule;
				SWIFT_OPTIMIZATION_LEVEL = "-O";
				VALIDATE_PRODUCT = YES;
			};
			name = Release;
		};
		78BEBFCF2908FE5D004B050D /* Debug */ = {
			isa = XCBuildConfiguration;
			buildSettings = {
				ASSETCATALOG_COMPILER_APPICON_NAME = AppIcon;
				ASSETCATALOG_COMPILER_GLOBAL_ACCENT_COLOR_NAME = AccentColor;
				CODE_SIGN_STYLE = Automatic;
				CURRENT_PROJECT_VERSION = 1;
				DEVELOPMENT_ASSET_PATHS = "\"Questions/Preview Content\"";
				DEVELOPMENT_TEAM = 444BVR3W4R;
				ENABLE_PREVIEWS = YES;
				GENERATE_INFOPLIST_FILE = YES;
				INFOPLIST_KEY_UIApplicationSceneManifest_Generation = YES;
				INFOPLIST_KEY_UIApplicationSupportsIndirectInputEvents = YES;
				INFOPLIST_KEY_UILaunchScreen_Generation = YES;
				INFOPLIST_KEY_UISupportedInterfaceOrientations = UIInterfaceOrientationPortrait;
				INFOPLIST_KEY_UISupportedInterfaceOrientations_iPad = "UIInterfaceOrientationLandscapeLeft UIInterfaceOrientationLandscapeRight UIInterfaceOrientationPortrait UIInterfaceOrientationPortraitUpsideDown";
				IPHONEOS_DEPLOYMENT_TARGET = 15.0;
				LD_RUNPATH_SEARCH_PATHS = (
					"$(inherited)",
					"@executable_path/Frameworks",
				);
				MARKETING_VERSION = 1.0;
				PRODUCT_BUNDLE_IDENTIFIER = com.ingwarrrr.Questions;
				PRODUCT_NAME = "$(TARGET_NAME)";
				SUPPORTED_PLATFORMS = "iphoneos iphonesimulator";
				SUPPORTS_MACCATALYST = NO;
				SUPPORTS_MAC_DESIGNED_FOR_IPHONE_IPAD = NO;
				SWIFT_EMIT_LOC_STRINGS = YES;
				SWIFT_VERSION = 5.0;
				TARGETED_DEVICE_FAMILY = 1;
			};
			name = Debug;
		};
		78BEBFD02908FE5D004B050D /* Release */ = {
			isa = XCBuildConfiguration;
			buildSettings = {
				ASSETCATALOG_COMPILER_APPICON_NAME = AppIcon;
				ASSETCATALOG_COMPILER_GLOBAL_ACCENT_COLOR_NAME = AccentColor;
				CODE_SIGN_STYLE = Automatic;
				CURRENT_PROJECT_VERSION = 1;
				DEVELOPMENT_ASSET_PATHS = "\"Questions/Preview Content\"";
				DEVELOPMENT_TEAM = 444BVR3W4R;
				ENABLE_PREVIEWS = YES;
				GENERATE_INFOPLIST_FILE = YES;
				INFOPLIST_KEY_UIApplicationSceneManifest_Generation = YES;
				INFOPLIST_KEY_UIApplicationSupportsIndirectInputEvents = YES;
				INFOPLIST_KEY_UILaunchScreen_Generation = YES;
				INFOPLIST_KEY_UISupportedInterfaceOrientations = UIInterfaceOrientationPortrait;
				INFOPLIST_KEY_UISupportedInterfaceOrientations_iPad = "UIInterfaceOrientationLandscapeLeft UIInterfaceOrientationLandscapeRight UIInterfaceOrientationPortrait UIInterfaceOrientationPortraitUpsideDown";
				IPHONEOS_DEPLOYMENT_TARGET = 15.0;
				LD_RUNPATH_SEARCH_PATHS = (
					"$(inherited)",
					"@executable_path/Frameworks",
				);
				MARKETING_VERSION = 1.0;
				PRODUCT_BUNDLE_IDENTIFIER = com.ingwarrrr.Questions;
				PRODUCT_NAME = "$(TARGET_NAME)";
				SUPPORTED_PLATFORMS = "iphoneos iphonesimulator";
				SUPPORTS_MACCATALYST = NO;
				SUPPORTS_MAC_DESIGNED_FOR_IPHONE_IPAD = NO;
				SWIFT_EMIT_LOC_STRINGS = YES;
				SWIFT_VERSION = 5.0;
				TARGETED_DEVICE_FAMILY = 1;
			};
			name = Release;
		};
/* End XCBuildConfiguration section */

/* Begin XCConfigurationList section */
		78BEBFBB2908FE5B004B050D /* Build configuration list for PBXProject "Questions" */ = {
			isa = XCConfigurationList;
			buildConfigurations = (
				78BEBFCC2908FE5D004B050D /* Debug */,
				78BEBFCD2908FE5D004B050D /* Release */,
			);
			defaultConfigurationIsVisible = 0;
			defaultConfigurationName = Release;
		};
		78BEBFCE2908FE5D004B050D /* Build configuration list for PBXNativeTarget "Questions" */ = {
			isa = XCConfigurationList;
			buildConfigurations = (
				78BEBFCF2908FE5D004B050D /* Debug */,
				78BEBFD02908FE5D004B050D /* Release */,
			);
			defaultConfigurationIsVisible = 0;
			defaultConfigurationName = Release;
		};
/* End XCConfigurationList section */
	};
	rootObject = 78BEBFB82908FE5B004B050D /* Project object */;
}
